
Microsoft Visual Studio Solution File, Format Version 12.00
# Visual Studio Version 16
VisualStudioVersion = 16.0.29521.150
MinimumVisualStudioVersion = 10.0.40219.1
Project("{FAE04EC0-301F-11D3-BF4B-00C04F79EFBC}") = "CountRealNumbers", "CountRealNumbers\CountRealNumbers.csproj", "{7A52F3A0-8E6C-497D-B02A-056FAF4C7762}"
EndProject
Project("{FAE04EC0-301F-11D3-BF4B-00C04F79EFBC}") = "OddOccurrences", "OddOccurrences\OddOccurrences.csproj", "{AA2C971D-0FC9-432E-8E58-4859F961E35C}"
EndProject
Project("{FAE04EC0-301F-11D3-BF4B-00C04F79EFBC}") = "WordSynonyms", "WordSynonyms\WordSynonyms.csproj", "{09EE5288-B4FC-4ABC-988E-CF50192ABA80}"
EndProject
Project("{FAE04EC0-301F-11D3-BF4B-00C04F79EFBC}") = "LargestThreeNumbers", "LargestThreeNumbers\LargestThreeNumbers.csproj", "{C1D422A5-E15B-4635-8A67-379FC460449E}"
EndProject
Project("{FAE04EC0-301F-11D3-BF4B-00C04F79EFBC}") = "WordFilter", "WordFilter\WordFilter.csproj", "{C592A4BA-6D86-4091-95D1-9FA4D72C9ADB}"
EndProject
Global
	GlobalSection(SolutionConfigurationPlatforms) = preSolution
		Debug|Any CPU = Debug|Any CPU
		Release|Any CPU = Release|Any CPU
	EndGlobalSection
	GlobalSection(ProjectConfigurationPlatforms) = postSolution
		{7A52F3A0-8E6C-497D-B02A-056FAF4C7762}.Debug|Any CPU.ActiveCfg = Debug|Any CPU
		{7A52F3A0-8E6C-497D-B02A-056FAF4C7762}.Debug|Any CPU.Build.0 = Debug|Any CPU
		{7A52F3A0-8E6C-497D-B02A-056FAF4C7762}.Release|Any CPU.ActiveCfg = Release|Any CPU
		{7A52F3A0-8E6C-497D-B02A-056FAF4C7762}.Release|Any CPU.Build.0 = Release|Any CPU
		{AA2C971D-0FC9-432E-8E58-4859F961E35C}.Debug|Any CPU.ActiveCfg = Debug|Any CPU
		{AA2C971D-0FC9-432E-8E58-4859F961E35C}.Debug|Any CPU.Build.0 = Debug|Any CPU
		{AA2C971D-0FC9-432E-8E58-4859F961E35C}.Release|Any CPU.ActiveCfg = Release|Any CPU
		{AA2C971D-0FC9-432E-8E58-4859F961E35C}.Release|Any CPU.Build.0 = Release|Any CPU
		{09EE5288-B4FC-4ABC-988E-CF50192ABA80}.Debug|Any CPU.ActiveCfg = Debug|Any CPU
		{09EE5288-B4FC-4ABC-988E-CF50192ABA80}.Debug|Any CPU.Build.0 = Debug|Any CPU
		{09EE5288-B4FC-4ABC-988E-CF50192ABA80}.Release|Any CPU.ActiveCfg = Release|Any CPU
		{09EE5288-B4FC-4ABC-988E-CF50192ABA80}.Release|Any CPU.Build.0 = Release|Any CPU
		{C1D422A5-E15B-4635-8A67-379FC460449E}.Debug|Any CPU.ActiveCfg = Debug|Any CPU
		{C1D422A5-E15B-4635-8A67-379FC460449E}.Debug|Any CPU.Build.0 = Debug|Any CPU
		{C1D422A5-E15B-4635-8A67-379FC460449E}.Release|Any CPU.ActiveCfg = Release|Any CPU
		{C1D422A5-E15B-4635-8A67-379FC460449E}.Release|Any CPU.Build.0 = Release|Any CPU
		{C592A4BA-6D86-4091-95D1-9FA4D72C9ADB}.Debug|Any CPU.ActiveCfg = Debug|Any CPU
		{C592A4BA-6D86-4091-95D1-9FA4D72C9ADB}.Debug|Any CPU.Build.0 = Debug|Any CPU
		{C592A4BA-6D86-4091-95D1-9FA4D72C9ADB}.Release|Any CPU.ActiveCfg = Release|Any CPU
		{C592A4BA-6D86-4091-95D1-9FA4D72C9ADB}.Release|Any CPU.Build.0 = Release|Any CPU
	EndGlobalSection
	GlobalSection(SolutionProperties) = preSolution
		HideSolutionNode = FALSE
	EndGlobalSection
	GlobalSection(ExtensibilityGlobals) = postSolution
		SolutionGuid = {6AFAD211-CA50-458A-B10B-E0CEFB2E4829}
	EndGlobalSection
EndGlobal
