
Microsoft Visual Studio Solution File, Format Version 12.00
# Visual Studio Version 17
VisualStudioVersion = 17.3.32901.215
MinimumVisualStudioVersion = 10.0.40219.1
Project("{FAE04EC0-301F-11D3-BF4B-00C04F79EFBC}") = "BoxOfT", "BoxOfT\BoxOfT.csproj", "{B4D8F6C2-4283-4BA8-92AA-AB46F3FDED10}"
EndProject
Project("{FAE04EC0-301F-11D3-BF4B-00C04F79EFBC}") = "ArrayCreator", "ArrayCreator\ArrayCreator.csproj", "{B6C3DEC3-5C25-4551-95E8-AD4B6F9F05FE}"
EndProject
Project("{FAE04EC0-301F-11D3-BF4B-00C04F79EFBC}") = "GenericScale", "GenericScale\GenericScale.csproj", "{B3ED2824-3B0E-48BF-88A4-736E1B30AFCB}"
EndProject
Global
	GlobalSection(SolutionConfigurationPlatforms) = preSolution
		Debug|Any CPU = Debug|Any CPU
		Release|Any CPU = Release|Any CPU
	EndGlobalSection
	GlobalSection(ProjectConfigurationPlatforms) = postSolution
		{B4D8F6C2-4283-4BA8-92AA-AB46F3FDED10}.Debug|Any CPU.ActiveCfg = Debug|Any CPU
		{B4D8F6C2-4283-4BA8-92AA-AB46F3FDED10}.Debug|Any CPU.Build.0 = Debug|Any CPU
		{B4D8F6C2-4283-4BA8-92AA-AB46F3FDED10}.Release|Any CPU.ActiveCfg = Release|Any CPU
		{B4D8F6C2-4283-4BA8-92AA-AB46F3FDED10}.Release|Any CPU.Build.0 = Release|Any CPU
		{B6C3DEC3-5C25-4551-95E8-AD4B6F9F05FE}.Debug|Any CPU.ActiveCfg = Debug|Any CPU
		{B6C3DEC3-5C25-4551-95E8-AD4B6F9F05FE}.Debug|Any CPU.Build.0 = Debug|Any CPU
		{B6C3DEC3-5C25-4551-95E8-AD4B6F9F05FE}.Release|Any CPU.ActiveCfg = Release|Any CPU
		{B6C3DEC3-5C25-4551-95E8-AD4B6F9F05FE}.Release|Any CPU.Build.0 = Release|Any CPU
		{B3ED2824-3B0E-48BF-88A4-736E1B30AFCB}.Debug|Any CPU.ActiveCfg = Debug|Any CPU
		{B3ED2824-3B0E-48BF-88A4-736E1B30AFCB}.Debug|Any CPU.Build.0 = Debug|Any CPU
		{B3ED2824-3B0E-48BF-88A4-736E1B30AFCB}.Release|Any CPU.ActiveCfg = Release|Any CPU
		{B3ED2824-3B0E-48BF-88A4-736E1B30AFCB}.Release|Any CPU.Build.0 = Release|Any CPU
	EndGlobalSection
	GlobalSection(SolutionProperties) = preSolution
		HideSolutionNode = FALSE
	EndGlobalSection
	GlobalSection(ExtensibilityGlobals) = postSolution
		SolutionGuid = {DC837567-ADAD-4030-A6A1-A897F34E7922}
	EndGlobalSection
EndGlobal
