
Microsoft Visual Studio Solution File, Format Version 12.00
# Visual Studio Version 16
VisualStudioVersion = 16.0.29521.150
MinimumVisualStudioVersion = 10.0.40219.1
Project("{FAE04EC0-301F-11D3-BF4B-00C04F79EFBC}") = "Dishwasher", "Dishwasher\Dishwasher.csproj", "{ADE113DF-789D-4C0F-AF19-EE9F511B6498}"
EndProject
Project("{FAE04EC0-301F-11D3-BF4B-00C04F79EFBC}") = "ReportSystem", "ReportSystem\ReportSystem.csproj", "{ECD1FCD3-EEB6-474F-922B-B2815CAB5162}"
EndProject
Project("{FAE04EC0-301F-11D3-BF4B-00C04F79EFBC}") = "StreamOfLetters", "StreamOfLetters\StreamOfLetters.csproj", "{71160D40-E90E-47B4-9312-41796721626B}"
EndProject
Global
	GlobalSection(SolutionConfigurationPlatforms) = preSolution
		Debug|Any CPU = Debug|Any CPU
		Release|Any CPU = Release|Any CPU
	EndGlobalSection
	GlobalSection(ProjectConfigurationPlatforms) = postSolution
		{ADE113DF-789D-4C0F-AF19-EE9F511B6498}.Debug|Any CPU.ActiveCfg = Debug|Any CPU
		{ADE113DF-789D-4C0F-AF19-EE9F511B6498}.Debug|Any CPU.Build.0 = Debug|Any CPU
		{ADE113DF-789D-4C0F-AF19-EE9F511B6498}.Release|Any CPU.ActiveCfg = Release|Any CPU
		{ADE113DF-789D-4C0F-AF19-EE9F511B6498}.Release|Any CPU.Build.0 = Release|Any CPU
		{ECD1FCD3-EEB6-474F-922B-B2815CAB5162}.Debug|Any CPU.ActiveCfg = Debug|Any CPU
		{ECD1FCD3-EEB6-474F-922B-B2815CAB5162}.Debug|Any CPU.Build.0 = Debug|Any CPU
		{ECD1FCD3-EEB6-474F-922B-B2815CAB5162}.Release|Any CPU.ActiveCfg = Release|Any CPU
		{ECD1FCD3-EEB6-474F-922B-B2815CAB5162}.Release|Any CPU.Build.0 = Release|Any CPU
		{71160D40-E90E-47B4-9312-41796721626B}.Debug|Any CPU.ActiveCfg = Debug|Any CPU
		{71160D40-E90E-47B4-9312-41796721626B}.Debug|Any CPU.Build.0 = Debug|Any CPU
		{71160D40-E90E-47B4-9312-41796721626B}.Release|Any CPU.ActiveCfg = Release|Any CPU
		{71160D40-E90E-47B4-9312-41796721626B}.Release|Any CPU.Build.0 = Release|Any CPU
	EndGlobalSection
	GlobalSection(SolutionProperties) = preSolution
		HideSolutionNode = FALSE
	EndGlobalSection
	GlobalSection(ExtensibilityGlobals) = postSolution
		SolutionGuid = {C0B5A622-9ECB-4E01-8883-61C151F12F0D}
	EndGlobalSection
EndGlobal
