
Microsoft Visual Studio Solution File, Format Version 12.00
# Visual Studio Version 16
VisualStudioVersion = 16.0.31605.320
MinimumVisualStudioVersion = 10.0.40219.1
Project("{9A19103F-16F7-4668-BE54-9A1E7A4F7556}") = "01.Raw_Data", "01.Raw_Data\01.Raw_Data.csproj", "{0F84915B-8971-463D-80F0-4C7D0C28FB83}"
EndProject
Project("{9A19103F-16F7-4668-BE54-9A1E7A4F7556}") = "02.Cars_Salesman", "02.Cars_Salesman\02.Cars_Salesman.csproj", "{370E9E6E-4E2F-46AC-AE06-C3F0ACC254B6}"
EndProject
Project("{9A19103F-16F7-4668-BE54-9A1E7A4F7556}") = "03.Jedi_Galaxy", "03.Jedi_Galaxy\03.Jedi_Galaxy.csproj", "{D81E0CB2-7D54-41A5-83C2-E556EB70916B}"
EndProject
Project("{9A19103F-16F7-4668-BE54-9A1E7A4F7556}") = "04.Hospital", "04.Hospital\04.Hospital.csproj", "{B4087025-C4C4-49FD-A87A-1D4C036EF466}"
EndProject
Project("{FAE04EC0-301F-11D3-BF4B-00C04F79EFBC}") = "05.Greedy_Times", "05.Greedy_Times\05.Greedy_Times.csproj", "{BD6DA802-C248-42F4-B32F-EAC05CC33F00}"
EndProject
Project("{FAE04EC0-301F-11D3-BF4B-00C04F79EFBC}") = "06.Sneaking", "06.Sneaking\06.Sneaking.csproj", "{E9EE1B97-980C-4D45-B1AE-70E49EB43BA2}"
EndProject
Global
	GlobalSection(SolutionConfigurationPlatforms) = preSolution
		Debug|Any CPU = Debug|Any CPU
		Release|Any CPU = Release|Any CPU
	EndGlobalSection
	GlobalSection(ProjectConfigurationPlatforms) = postSolution
		{0F84915B-8971-463D-80F0-4C7D0C28FB83}.Debug|Any CPU.ActiveCfg = Debug|Any CPU
		{0F84915B-8971-463D-80F0-4C7D0C28FB83}.Debug|Any CPU.Build.0 = Debug|Any CPU
		{0F84915B-8971-463D-80F0-4C7D0C28FB83}.Release|Any CPU.ActiveCfg = Release|Any CPU
		{0F84915B-8971-463D-80F0-4C7D0C28FB83}.Release|Any CPU.Build.0 = Release|Any CPU
		{370E9E6E-4E2F-46AC-AE06-C3F0ACC254B6}.Debug|Any CPU.ActiveCfg = Debug|Any CPU
		{370E9E6E-4E2F-46AC-AE06-C3F0ACC254B6}.Debug|Any CPU.Build.0 = Debug|Any CPU
		{370E9E6E-4E2F-46AC-AE06-C3F0ACC254B6}.Release|Any CPU.ActiveCfg = Release|Any CPU
		{370E9E6E-4E2F-46AC-AE06-C3F0ACC254B6}.Release|Any CPU.Build.0 = Release|Any CPU
		{D81E0CB2-7D54-41A5-83C2-E556EB70916B}.Debug|Any CPU.ActiveCfg = Debug|Any CPU
		{D81E0CB2-7D54-41A5-83C2-E556EB70916B}.Debug|Any CPU.Build.0 = Debug|Any CPU
		{D81E0CB2-7D54-41A5-83C2-E556EB70916B}.Release|Any CPU.ActiveCfg = Release|Any CPU
		{D81E0CB2-7D54-41A5-83C2-E556EB70916B}.Release|Any CPU.Build.0 = Release|Any CPU
		{B4087025-C4C4-49FD-A87A-1D4C036EF466}.Debug|Any CPU.ActiveCfg = Debug|Any CPU
		{B4087025-C4C4-49FD-A87A-1D4C036EF466}.Debug|Any CPU.Build.0 = Debug|Any CPU
		{B4087025-C4C4-49FD-A87A-1D4C036EF466}.Release|Any CPU.ActiveCfg = Release|Any CPU
		{B4087025-C4C4-49FD-A87A-1D4C036EF466}.Release|Any CPU.Build.0 = Release|Any CPU
		{BD6DA802-C248-42F4-B32F-EAC05CC33F00}.Debug|Any CPU.ActiveCfg = Debug|Any CPU
		{BD6DA802-C248-42F4-B32F-EAC05CC33F00}.Debug|Any CPU.Build.0 = Debug|Any CPU
		{BD6DA802-C248-42F4-B32F-EAC05CC33F00}.Release|Any CPU.ActiveCfg = Release|Any CPU
		{BD6DA802-C248-42F4-B32F-EAC05CC33F00}.Release|Any CPU.Build.0 = Release|Any CPU
		{E9EE1B97-980C-4D45-B1AE-70E49EB43BA2}.Debug|Any CPU.ActiveCfg = Debug|Any CPU
		{E9EE1B97-980C-4D45-B1AE-70E49EB43BA2}.Debug|Any CPU.Build.0 = Debug|Any CPU
		{E9EE1B97-980C-4D45-B1AE-70E49EB43BA2}.Release|Any CPU.ActiveCfg = Release|Any CPU
		{E9EE1B97-980C-4D45-B1AE-70E49EB43BA2}.Release|Any CPU.Build.0 = Release|Any CPU
	EndGlobalSection
	GlobalSection(SolutionProperties) = preSolution
		HideSolutionNode = FALSE
	EndGlobalSection
	GlobalSection(ExtensibilityGlobals) = postSolution
		SolutionGuid = {D0128382-2A59-4191-A555-47B22BE62C9F}
	EndGlobalSection
EndGlobal
