
Microsoft Visual Studio Solution File, Format Version 12.00
# Visual Studio Version 16
VisualStudioVersion = 16.0.29521.150
MinimumVisualStudioVersion = 10.0.40219.1
Project("{FAE04EC0-301F-11D3-BF4B-00C04F79EFBC}") = "RandomizeWords", "RandomizeWords\RandomizeWords.csproj", "{FCF540D4-AB1C-406D-805F-C2B68ED325F3}"
EndProject
Project("{FAE04EC0-301F-11D3-BF4B-00C04F79EFBC}") = "BigFactorial", "BigFactorial\BigFactorial.csproj", "{88BA3E54-8305-46B4-B69E-B0898924450B}"
EndProject
Project("{FAE04EC0-301F-11D3-BF4B-00C04F79EFBC}") = "Songs", "Songs\Songs.csproj", "{5BA9CA38-94A4-4765-AEF2-7A532D207065}"
EndProject
Project("{FAE04EC0-301F-11D3-BF4B-00C04F79EFBC}") = "Students", "Students\Students.csproj", "{F7A97219-0FD2-4C6C-B35B-B2201A95F6CE}"
EndProject
Project("{FAE04EC0-301F-11D3-BF4B-00C04F79EFBC}") = "StoreBoxes", "StoreBoxes\StoreBoxes.csproj", "{C057714F-06E2-46ED-93EC-D5B92346EA72}"
EndProject
Project("{FAE04EC0-301F-11D3-BF4B-00C04F79EFBC}") = "VehicleCatalogue", "VehicleCatalogue\VehicleCatalogue.csproj", "{47936C54-B414-4214-B5C5-656939D89294}"
EndProject
Global
	GlobalSection(SolutionConfigurationPlatforms) = preSolution
		Debug|Any CPU = Debug|Any CPU
		Release|Any CPU = Release|Any CPU
	EndGlobalSection
	GlobalSection(ProjectConfigurationPlatforms) = postSolution
		{FCF540D4-AB1C-406D-805F-C2B68ED325F3}.Debug|Any CPU.ActiveCfg = Debug|Any CPU
		{FCF540D4-AB1C-406D-805F-C2B68ED325F3}.Debug|Any CPU.Build.0 = Debug|Any CPU
		{FCF540D4-AB1C-406D-805F-C2B68ED325F3}.Release|Any CPU.ActiveCfg = Release|Any CPU
		{FCF540D4-AB1C-406D-805F-C2B68ED325F3}.Release|Any CPU.Build.0 = Release|Any CPU
		{88BA3E54-8305-46B4-B69E-B0898924450B}.Debug|Any CPU.ActiveCfg = Debug|Any CPU
		{88BA3E54-8305-46B4-B69E-B0898924450B}.Debug|Any CPU.Build.0 = Debug|Any CPU
		{88BA3E54-8305-46B4-B69E-B0898924450B}.Release|Any CPU.ActiveCfg = Release|Any CPU
		{88BA3E54-8305-46B4-B69E-B0898924450B}.Release|Any CPU.Build.0 = Release|Any CPU
		{5BA9CA38-94A4-4765-AEF2-7A532D207065}.Debug|Any CPU.ActiveCfg = Debug|Any CPU
		{5BA9CA38-94A4-4765-AEF2-7A532D207065}.Debug|Any CPU.Build.0 = Debug|Any CPU
		{5BA9CA38-94A4-4765-AEF2-7A532D207065}.Release|Any CPU.ActiveCfg = Release|Any CPU
		{5BA9CA38-94A4-4765-AEF2-7A532D207065}.Release|Any CPU.Build.0 = Release|Any CPU
		{F7A97219-0FD2-4C6C-B35B-B2201A95F6CE}.Debug|Any CPU.ActiveCfg = Debug|Any CPU
		{F7A97219-0FD2-4C6C-B35B-B2201A95F6CE}.Debug|Any CPU.Build.0 = Debug|Any CPU
		{F7A97219-0FD2-4C6C-B35B-B2201A95F6CE}.Release|Any CPU.ActiveCfg = Release|Any CPU
		{F7A97219-0FD2-4C6C-B35B-B2201A95F6CE}.Release|Any CPU.Build.0 = Release|Any CPU
		{C057714F-06E2-46ED-93EC-D5B92346EA72}.Debug|Any CPU.ActiveCfg = Debug|Any CPU
		{C057714F-06E2-46ED-93EC-D5B92346EA72}.Debug|Any CPU.Build.0 = Debug|Any CPU
		{C057714F-06E2-46ED-93EC-D5B92346EA72}.Release|Any CPU.ActiveCfg = Release|Any CPU
		{C057714F-06E2-46ED-93EC-D5B92346EA72}.Release|Any CPU.Build.0 = Release|Any CPU
		{47936C54-B414-4214-B5C5-656939D89294}.Debug|Any CPU.ActiveCfg = Debug|Any CPU
		{47936C54-B414-4214-B5C5-656939D89294}.Debug|Any CPU.Build.0 = Debug|Any CPU
		{47936C54-B414-4214-B5C5-656939D89294}.Release|Any CPU.ActiveCfg = Release|Any CPU
		{47936C54-B414-4214-B5C5-656939D89294}.Release|Any CPU.Build.0 = Release|Any CPU
	EndGlobalSection
	GlobalSection(SolutionProperties) = preSolution
		HideSolutionNode = FALSE
	EndGlobalSection
	GlobalSection(ExtensibilityGlobals) = postSolution
		SolutionGuid = {1D907388-4B16-412B-931E-AEDE0EEBFBA8}
	EndGlobalSection
EndGlobal
