
Microsoft Visual Studio Solution File, Format Version 12.00
# Visual Studio Version 17
VisualStudioVersion = 17.3.32922.545
MinimumVisualStudioVersion = 10.0.40219.1
Project("{9A19103F-16F7-4668-BE54-9A1E7A4F7556}") = "TilesMaster", "TilesMaster\TilesMaster.csproj", "{573D9ADA-EC29-489D-89FC-E9E55021B43A}"
EndProject
Project("{9A19103F-16F7-4668-BE54-9A1E7A4F7556}") = "WallDestroyer", "WallDestroyer\WallDestroyer.csproj", "{71F0E478-E222-4963-9DEB-1E0E5527E967}"
EndProject
Project("{FAE04EC0-301F-11D3-BF4B-00C04F79EFBC}") = "Renovators", "Renovators\Renovators.csproj", "{540C1AEC-29A6-45A5-A22D-A9168CB60B6C}"
EndProject
Global
	GlobalSection(SolutionConfigurationPlatforms) = preSolution
		Debug|Any CPU = Debug|Any CPU
		Release|Any CPU = Release|Any CPU
	EndGlobalSection
	GlobalSection(ProjectConfigurationPlatforms) = postSolution
		{573D9ADA-EC29-489D-89FC-E9E55021B43A}.Debug|Any CPU.ActiveCfg = Debug|Any CPU
		{573D9ADA-EC29-489D-89FC-E9E55021B43A}.Debug|Any CPU.Build.0 = Debug|Any CPU
		{573D9ADA-EC29-489D-89FC-E9E55021B43A}.Release|Any CPU.ActiveCfg = Release|Any CPU
		{573D9ADA-EC29-489D-89FC-E9E55021B43A}.Release|Any CPU.Build.0 = Release|Any CPU
		{71F0E478-E222-4963-9DEB-1E0E5527E967}.Debug|Any CPU.ActiveCfg = Debug|Any CPU
		{71F0E478-E222-4963-9DEB-1E0E5527E967}.Debug|Any CPU.Build.0 = Debug|Any CPU
		{71F0E478-E222-4963-9DEB-1E0E5527E967}.Release|Any CPU.ActiveCfg = Release|Any CPU
		{71F0E478-E222-4963-9DEB-1E0E5527E967}.Release|Any CPU.Build.0 = Release|Any CPU
		{540C1AEC-29A6-45A5-A22D-A9168CB60B6C}.Debug|Any CPU.ActiveCfg = Debug|Any CPU
		{540C1AEC-29A6-45A5-A22D-A9168CB60B6C}.Debug|Any CPU.Build.0 = Debug|Any CPU
		{540C1AEC-29A6-45A5-A22D-A9168CB60B6C}.Release|Any CPU.ActiveCfg = Release|Any CPU
		{540C1AEC-29A6-45A5-A22D-A9168CB60B6C}.Release|Any CPU.Build.0 = Release|Any CPU
	EndGlobalSection
	GlobalSection(SolutionProperties) = preSolution
		HideSolutionNode = FALSE
	EndGlobalSection
	GlobalSection(ExtensibilityGlobals) = postSolution
		SolutionGuid = {2AB13129-2B87-423A-8DFC-4CE3B857C8AD}
	EndGlobalSection
EndGlobal
